<?xml version="1.0" encoding="utf-8"?>
<Project ToolsVersion="4.0" xmlns="http://schemas.microsoft.com/developer/msbuild/2003">
  <ItemGroup>
    <ClCompile Include="..\..\CommonHeader\MyCryptOpt.cpp">
      <Filter>源文件</Filter>
    </ClCompile>
    <ClCompile Include="PackTools.cpp">
      <Filter>源文件</Filter>
    </ClCompile>
    <ClCompile Include="PEProtector.cpp">
      <Filter>源文件</Filter>
    </ClCompile>
    <ClCompile Include="stdafx.cpp">
      <Filter>源文件</Filter>
    </ClCompile>
  </ItemGroup>
  <ItemGroup>
    <ClInclude Include="..\..\CommonHeader\CommonHeader.h">
      <Filter>头文件</Filter>
    </ClInclude>
    <ClInclude Include="..\..\CommonHeader\MyCryptOpt.h">
      <Filter>头文件</Filter>
    </ClInclude>
    <ClInclude Include="PackTools.h">
      <Filter>头文件</Filter>
    </ClInclude>
    <ClInclude Include="stdafx.h">
      <Filter>头文件</Filter>
    </ClInclude>
    <ClInclude Include="targetver.h">
      <Filter>头文件</Filter>
    </ClInclude>
  </ItemGroup>
  <ItemGroup>
    <Text Include="ReadMe.txt" />
  </ItemGroup>
  <ItemGroup>
    <Filter Include="源文件">
      <UniqueIdentifier>{8afb5c3b-d075-430b-8ed6-e1cb4b47d49c}</UniqueIdentifier>
    </Filter>
    <Filter Include="头文件">
      <UniqueIdentifier>{41f40b99-87cb-4eb5-b47c-80d0325b1d24}</UniqueIdentifier>
    </Filter>
  </ItemGroup>
</Project>